
Microsoft Visual Studio Solution File, Format Version 12.00
# Visual Studio Version 16
VisualStudioVersion = 16.0.31025.194
MinimumVisualStudioVersion = 10.0.40219.1
Project("{FAE04EC0-301F-11D3-BF4B-00C04F79EFBC}") = "ReferenceTypes", "ReferenceTypes\ReferenceTypes.csproj", "{A13E78B3-3819-42D4-9D9E-36F8A518306F}"
EndProject
Global
	GlobalSection(SolutionConfigurationPlatforms) = preSolution
		Debug|Any CPU = Debug|Any CPU
		Release|Any CPU = Release|Any CPU
	EndGlobalSection
	GlobalSection(ProjectConfigurationPlatforms) = postSolution
		{A13E78B3-3819-42D4-9D9E-36F8A518306F}.Debug|Any CPU.ActiveCfg = Debug|Any CPU
		{A13E78B3-3819-42D4-9D9E-36F8A518306F}.Debug|Any CPU.Build.0 = Debug|Any CPU
		{A13E78B3-3819-42D4-9D9E-36F8A518306F}.Release|Any CPU.ActiveCfg = Release|Any CPU
		{A13E78B3-3819-42D4-9D9E-36F8A518306F}.Release|Any CPU.Build.0 = Release|Any CPU
	EndGlobalSection
	GlobalSection(SolutionProperties) = preSolution
		HideSolutionNode = FALSE
	EndGlobalSection
	GlobalSection(ExtensibilityGlobals) = postSolution
		SolutionGuid = {52A98CB6-3052-4D45-8EA1-11121552C5B5}
	EndGlobalSection
EndGlobal
