
Microsoft Visual Studio Solution File, Format Version 12.00
# Visual Studio Version 16
VisualStudioVersion = 16.0.31025.194
MinimumVisualStudioVersion = 10.0.40219.1
Project("{FAE04EC0-301F-11D3-BF4B-00C04F79EFBC}") = "ReferenceTypes", "ReferenceTypes\ReferenceTypes.csproj", "{A13E78B3-3819-42D4-9D9E-36F8A518306F}"
EndProject
Project("{FAE04EC0-301F-11D3-BF4B-00C04F79EFBC}") = "ValueTypes", "ValueTypes\ValueTypes.csproj", "{801F1CC5-B0F8-416E-98BD-72BAC2DC1C45}"
EndProject
Project("{FAE04EC0-301F-11D3-BF4B-00C04F79EFBC}") = "Arithmetic", "Arithmetic\Arithmetic.csproj", "{7EE3C352-FA2E-4BA1-8B92-BDB1EB34F45B}"
EndProject
Project("{FAE04EC0-301F-11D3-BF4B-00C04F79EFBC}") = "Comparison", "Comparison\Comparison.csproj", "{EFE99FB5-AEA8-474E-90CA-D2F7B3A19416}"
EndProject
Project("{FAE04EC0-301F-11D3-BF4B-00C04F79EFBC}") = "Conditionals", "Conditionals\Conditionals.csproj", "{C5A3760A-FCF4-4026-BE3E-2E50F3B63640}"
EndProject
Global
	GlobalSection(SolutionConfigurationPlatforms) = preSolution
		Debug|Any CPU = Debug|Any CPU
		Release|Any CPU = Release|Any CPU
	EndGlobalSection
	GlobalSection(ProjectConfigurationPlatforms) = postSolution
		{A13E78B3-3819-42D4-9D9E-36F8A518306F}.Debug|Any CPU.ActiveCfg = Debug|Any CPU
		{A13E78B3-3819-42D4-9D9E-36F8A518306F}.Debug|Any CPU.Build.0 = Debug|Any CPU
		{A13E78B3-3819-42D4-9D9E-36F8A518306F}.Release|Any CPU.ActiveCfg = Release|Any CPU
		{A13E78B3-3819-42D4-9D9E-36F8A518306F}.Release|Any CPU.Build.0 = Release|Any CPU
		{801F1CC5-B0F8-416E-98BD-72BAC2DC1C45}.Debug|Any CPU.ActiveCfg = Debug|Any CPU
		{801F1CC5-B0F8-416E-98BD-72BAC2DC1C45}.Debug|Any CPU.Build.0 = Debug|Any CPU
		{801F1CC5-B0F8-416E-98BD-72BAC2DC1C45}.Release|Any CPU.ActiveCfg = Release|Any CPU
		{801F1CC5-B0F8-416E-98BD-72BAC2DC1C45}.Release|Any CPU.Build.0 = Release|Any CPU
		{7EE3C352-FA2E-4BA1-8B92-BDB1EB34F45B}.Debug|Any CPU.ActiveCfg = Debug|Any CPU
		{7EE3C352-FA2E-4BA1-8B92-BDB1EB34F45B}.Debug|Any CPU.Build.0 = Debug|Any CPU
		{7EE3C352-FA2E-4BA1-8B92-BDB1EB34F45B}.Release|Any CPU.ActiveCfg = Release|Any CPU
		{7EE3C352-FA2E-4BA1-8B92-BDB1EB34F45B}.Release|Any CPU.Build.0 = Release|Any CPU
		{EFE99FB5-AEA8-474E-90CA-D2F7B3A19416}.Debug|Any CPU.ActiveCfg = Debug|Any CPU
		{EFE99FB5-AEA8-474E-90CA-D2F7B3A19416}.Debug|Any CPU.Build.0 = Debug|Any CPU
		{EFE99FB5-AEA8-474E-90CA-D2F7B3A19416}.Release|Any CPU.ActiveCfg = Release|Any CPU
		{EFE99FB5-AEA8-474E-90CA-D2F7B3A19416}.Release|Any CPU.Build.0 = Release|Any CPU
		{C5A3760A-FCF4-4026-BE3E-2E50F3B63640}.Debug|Any CPU.ActiveCfg = Debug|Any CPU
		{C5A3760A-FCF4-4026-BE3E-2E50F3B63640}.Debug|Any CPU.Build.0 = Debug|Any CPU
		{C5A3760A-FCF4-4026-BE3E-2E50F3B63640}.Release|Any CPU.ActiveCfg = Release|Any CPU
		{C5A3760A-FCF4-4026-BE3E-2E50F3B63640}.Release|Any CPU.Build.0 = Release|Any CPU
	EndGlobalSection
	GlobalSection(SolutionProperties) = preSolution
		HideSolutionNode = FALSE
	EndGlobalSection
	GlobalSection(ExtensibilityGlobals) = postSolution
		SolutionGuid = {52A98CB6-3052-4D45-8EA1-11121552C5B5}
	EndGlobalSection
EndGlobal
